Microsoft Visual Studio Solution File, Format Version 12.00
# Visual Studio Version 17
VisualStudioVersion = 17.13.35931.197
MinimumVisualStudioVersion = 10.0.40219.1
Project("{FAE04EC0-301F-11D3-BF4B-00C04F79EFBC}") = "F1UpdatesBot", "F1UpdatesBot.csproj", "{F4D1F6B9-46E3-4600-B02C-624682BAF0F8}"
EndProject
Global
	GlobalSection(SolutionConfigurationPlatforms) = preSolution
		Debug|Any CPU = Debug|Any CPU
		Release|Any CPU = Release|Any CPU
	EndGlobalSection
	GlobalSection(ProjectConfigurationPlatforms) = postSolution
		{F4D1F6B9-46E3-4600-B02C-624682BAF0F8}.Debug|Any CPU.ActiveCfg = Debug|Any CPU
		{F4D1F6B9-46E3-4600-B02C-624682BAF0F8}.Debug|Any CPU.Build.0 = Debug|Any CPU
		{F4D1F6B9-46E3-4600-B02C-624682BAF0F8}.Release|Any CPU.ActiveCfg = Release|Any CPU
		{F4D1F6B9-46E3-4600-B02C-624682BAF0F8}.Release|Any CPU.Build.0 = Release|Any CPU
	EndGlobalSection
	GlobalSection(SolutionProperties) = preSolution
		HideSolutionNode = FALSE
	EndGlobalSection
	GlobalSection(ExtensibilityGlobals) = postSolution
		SolutionGuid = {64F26B56-BE24-48E1-A7DE-07982B36B9AB}
	EndGlobalSection
EndGlobal
